// !$*UTF8*$!
{
	archiveVersion = 1;
	classes = {
	};
	objectVersion = 55;
	objects = {

/* Begin PBXBuildFile section */
		DDF0255A28454E9D00C4F49D /* AppDelegate.swift in Sources */ = {isa = PBXBuildFile; fileRef = DDF0255928454E9D00C4F49D /* AppDelegate.swift */; };
		DDF0255C28454E9D00C4F49D /* art.scnassets in Resources */ = {isa = PBXBuildFile; fileRef = DDF0255B28454E9D00C4F49D /* art.scnassets */; };
		DDF0255E28454E9D00C4F49D /* ViewController.swift in Sources */ = {isa = PBXBuildFile; fileRef = DDF0255D28454E9D00C4F49D /* ViewController.swift */; };
		DDF0256128454E9D00C4F49D /* Main.storyboard in Resources */ = {isa = PBXBuildFile; fileRef = DDF0255F28454E9D00C4F49D /* Main.storyboard */; };
		DDF0256328454E9E00C4F49D /* Assets.xcassets in Resources */ = {isa = PBXBuildFile; fileRef = DDF0256228454E9E00C4F49D /* Assets.xcassets */; };
		DDF0256628454E9E00C4F49D /* LaunchScreen.storyboard in Resources */ = {isa = PBXBuildFile; fileRef = DDF0256428454E9E00C4F49D /* LaunchScreen.storyboard */; };
		DDF0258528455D1900C4F49D /* 0_Tierra1.jpg in Resources */ = {isa = PBXBuildFile; fileRef = DDF0258228455D1800C4F49D /* 0_Tierra1.jpg */; };
		DDF0258828455D6C00C4F49D /* earth.dae in Resources */ = {isa = PBXBuildFile; fileRef = DDF0258728455D6C00C4F49D /* earth.dae */; };
/* End PBXBuildFile section */

/* Begin PBXFileReference section */
		DDF0255628454E9D00C4F49D /* AR-MachineLearning.app */ = {isa = PBXFileReference; explicitFileType = wrapper.application; includeInIndex = 0; path = "AR-MachineLearning.app"; sourceTree = BUILT_PRODUCTS_DIR; };
		DDF0255928454E9D00C4F49D /* AppDelegate.swift */ = {isa = PBXFileReference; lastKnownFileType = sourcecode.swift; path = AppDelegate.swift; sourceTree = "<group>"; };
		DDF0255B28454E9D00C4F49D /* art.scnassets */ = {isa = PBXFileReference; lastKnownFileType = wrapper.scnassets; path = art.scnassets; sourceTree = "<group>"; };
		DDF0255D28454E9D00C4F49D /* ViewController.swift */ = {isa = PBXFileReference; lastKnownFileType = sourcecode.swift; path = ViewController.swift; sourceTree = "<group>"; };
		DDF0256028454E9D00C4F49D /* Base */ = {isa = PBXFileReference; lastKnownFileType = file.storyboard; name = Base; path = Base.lproj/Main.storyboard; sourceTree = "<group>"; };
		DDF0256228454E9E00C4F49D /* Assets.xcassets */ = {isa = PBXFileReference; lastKnownFileType = folder.assetcatalog; path = Assets.xcassets; sourceTree = "<group>"; };
		DDF0256528454E9E00C4F49D /* Base */ = {isa = PBXFileReference; lastKnownFileType = file.storyboard; name = Base; path = Base.lproj/LaunchScreen.storyboard; sourceTree = "<group>"; };
		DDF0258228455D1800C4F49D /* 0_Tierra1.jpg */ = {isa = PBXFileReference; lastKnownFileType = image.jpeg; path = 0_Tierra1.jpg; sourceTree = "<group>"; };
		DDF0258728455D6C00C4F49D /* earth.dae */ = {isa = PBXFileReference; fileEncoding = 4; lastKnownFileType = text.xml.dae; path = earth.dae; sourceTree = "<group>"; };
/* End PBXFileReference section */

/* Begin PBXFrameworksBuildPhase section */
		DDF0255328454E9D00C4F49D /* Frameworks */ = {
			isa = PBXFrameworksBuildPhase;
			buildActionMask = 2147483647;
			files = (
			);
			runOnlyForDeploymentPostprocessing = 0;
		};
/* End PBXFrameworksBuildPhase section */

/* Begin PBXGroup section */
		DDF0254D28454E9D00C4F49D = {
			isa = PBXGroup;
			children = (
				DDF0255828454E9D00C4F49D /* AR-MachineLearning */,
				DDF0255728454E9D00C4F49D /* Products */,
			);
			sourceTree = "<group>";
		};
		DDF0255728454E9D00C4F49D /* Products */ = {
			isa = PBXGroup;
			children = (
				DDF0255628454E9D00C4F49D /* AR-MachineLearning.app */,
			);
			name = Products;
			sourceTree = "<group>";
		};
		DDF0255828454E9D00C4F49D /* AR-MachineLearning */ = {
			isa = PBXGroup;
			children = (
				DDF0256C28454EBB00C4F49D /* Models */,
				DDF0255928454E9D00C4F49D /* AppDelegate.swift */,
				DDF0255B28454E9D00C4F49D /* art.scnassets */,
				DDF0255D28454E9D00C4F49D /* ViewController.swift */,
				DDF0255F28454E9D00C4F49D /* Main.storyboard */,
				DDF0256228454E9E00C4F49D /* Assets.xcassets */,
				DDF0256428454E9E00C4F49D /* LaunchScreen.storyboard */,
			);
			path = "AR-MachineLearning";
			sourceTree = "<group>";
		};
		DDF0256C28454EBB00C4F49D /* Models */ = {
			isa = PBXGroup;
			children = (
				DDF0258728455D6C00C4F49D /* earth.dae */,
				DDF0258228455D1800C4F49D /* 0_Tierra1.jpg */,
			);
			path = Models;
			sourceTree = "<group>";
		};
/* End PBXGroup section */

/* Begin PBXNativeTarget section */
		DDF0255528454E9D00C4F49D /* AR-MachineLearning */ = {
			isa = PBXNativeTarget;
			buildConfigurationList = DDF0256928454E9E00C4F49D /* Build configuration list for PBXNativeTarget "AR-MachineLearning" */;
			buildPhases = (
				DDF0255228454E9D00C4F49D /* Sources */,
				DDF0255328454E9D00C4F49D /* Frameworks */,
				DDF0255428454E9D00C4F49D /* Resources */,
			);
			buildRules = (
			);
			dependencies = (
			);
			name = "AR-MachineLearning";
			productName = "AR-MachineLearning";
			productReference = DDF0255628454E9D00C4F49D /* AR-MachineLearning.app */;
			productType = "com.apple.product-type.application";
		};
/* End PBXNativeTarget section */

/* Begin PBXProject section */
		DDF0254E28454E9D00C4F49D /* Project object */ = {
			isa = PBXProject;
			attributes = {
				BuildIndependentTargetsInParallel = 1;
				LastSwiftUpdateCheck = 1330;
				LastUpgradeCheck = 1330;
				TargetAttributes = {
					DDF0255528454E9D00C4F49D = {
						CreatedOnToolsVersion = 13.3;
					};
				};
			};
			buildConfigurationList = DDF0255128454E9D00C4F49D /* Build configuration list for PBXProject "AR-MachineLearning" */;
			compatibilityVersion = "Xcode 13.0";
			developmentRegion = en;
			hasScannedForEncodings = 0;
			knownRegions = (
				en,
				Base,
			);
			mainGroup = DDF0254D28454E9D00C4F49D;
			productRefGroup = DDF0255728454E9D00C4F49D /* Products */;
			projectDirPath = "";
			projectRoot = "";
			targets = (
				DDF0255528454E9D00C4F49D /* AR-MachineLearning */,
			);
		};
/* End PBXProject section */

/* Begin PBXResourcesBuildPhase section */
		DDF0255428454E9D00C4F49D /* Resources */ = {
			isa = PBXResourcesBuildPhase;
			buildActionMask = 2147483647;
			files = (
				DDF0255C28454E9D00C4F49D /* art.scnassets in Resources */,
				DDF0258528455D1900C4F49D /* 0_Tierra1.jpg in Resources */,
				DDF0256628454E9E00C4F49D /* LaunchScreen.storyboard in Resources */,
				DDF0256328454E9E00C4F49D /* Assets.xcassets in Resources */,
				DDF0256128454E9D00C4F49D /* Main.storyboard in Resources */,
				DDF0258828455D6C00C4F49D /* earth.dae in Resources */,
			);
			runOnlyForDeploymentPostprocessing = 0;
		};
/* End PBXResourcesBuildPhase section */

/* Begin PBXSourcesBuildPhase section */
		DDF0255228454E9D00C4F49D /* Sources */ = {
			isa = PBXSourcesBuildPhase;
			buildActionMask = 2147483647;
			files = (
				DDF0255E28454E9D00C4F49D /* ViewController.swift in Sources */,
				DDF0255A28454E9D00C4F49D /* AppDelegate.swift in Sources */,
			);
			runOnlyForDeploymentPostprocessing = 0;
		};
/* End PBXSourcesBuildPhase section */

/* Begin PBXVariantGroup section */
		DDF0255F28454E9D00C4F49D /* Main.storyboard */ = {
			isa = PBXVariantGroup;
			children = (
				DDF0256028454E9D00C4F49D /* Base */,
			);
			name = Main.storyboard;
			sourceTree = "<group>";
		};
		DDF0256428454E9E00C4F49D /* LaunchScreen.storyboard */ = {
			isa = PBXVariantGroup;
			children = (
				DDF0256528454E9E00C4F49D /* Base */,
			);
			name = LaunchScreen.storyboard;
			sourceTree = "<group>";
		};
/* End PBXVariantGroup section */

/* Begin XCBuildConfiguration section */
		DDF0256728454E9E00C4F49D /* Debug */ = {
			isa = XCBuildConfiguration;
			buildSettings = {
				ALWAYS_SEARCH_USER_PATHS = NO;
				CLANG_ANALYZER_NONNULL = YES;
				CLANG_ANALYZER_NUMBER_OBJECT_CONVERSION = YES_AGGRESSIVE;
				CLANG_CXX_LANGUAGE_STANDARD = "gnu++17";
				CLANG_ENABLE_MODULES = YES;
				CLANG_ENABLE_OBJC_ARC = YES;
				CLANG_ENABLE_OBJC_WEAK = YES;
				CLANG_WARN_BLOCK_CAPTURE_AUTORELEASING = YES;
				CLANG_WARN_BOOL_CONVERSION = YES;
				CLANG_WARN_COMMA = YES;
				CLANG_WARN_CONSTANT_CONVERSION = YES;
				CLANG_WARN_DEPRECATED_OBJC_IMPLEMENTATIONS = YES;
				CLANG_WARN_DIRECT_OBJC_ISA_USAGE = YES_ERROR;
				CLANG_WARN_DOCUMENTATION_COMMENTS = YES;
				CLANG_WARN_EMPTY_BODY = YES;
				CLANG_WARN_ENUM_CONVERSION = YES;
				CLANG_WARN_INFINITE_RECURSION = YES;
				CLANG_WARN_INT_CONVERSION = YES;
				CLANG_WARN_NON_LITERAL_NULL_CONVERSION = YES;
				CLANG_WARN_OBJC_IMPLICIT_RETAIN_SELF = YES;
				CLANG_WARN_OBJC_LITERAL_CONVERSION = YES;
				CLANG_WARN_OBJC_ROOT_CLASS = YES_ERROR;
				CLANG_WARN_QUOTED_INCLUDE_IN_FRAMEWORK_HEADER = YES;
				CLANG_WARN_RANGE_LOOP_ANALYSIS = YES;
				CLANG_WARN_STRICT_PROTOTYPES = YES;
				CLANG_WARN_SUSPICIOUS_MOVE = YES;
				CLANG_WARN_UNGUARDED_AVAILABILITY = YES_AGGRESSIVE;
				CLANG_WARN_UNREACHABLE_CODE = YES;
				CLANG_WARN__DUPLICATE_METHOD_MATCH = YES;
				COPY_PHASE_STRIP = NO;
				DEBUG_INFORMATION_FORMAT = dwarf;
				ENABLE_STRICT_OBJC_MSGSEND = YES;
				ENABLE_TESTABILITY = YES;
				GCC_C_LANGUAGE_STANDARD = gnu11;
				GCC_DYNAMIC_NO_PIC = NO;
				GCC_NO_COMMON_BLOCKS = YES;
				GCC_OPTIMIZATION_LEVEL = 0;
				GCC_PREPROCESSOR_DEFINITIONS = (
					"DEBUG=1",
					"$(inherited)",
				);
				GCC_WARN_64_TO_32_BIT_CONVERSION = YES;
				GCC_WARN_ABOUT_RETURN_TYPE = YES_ERROR;
				GCC_WARN_UNDECLARED_SELECTOR = YES;
				GCC_WARN_UNINITIALIZED_AUTOS = YES_AGGRESSIVE;
				GCC_WARN_UNUSED_FUNCTION = YES;
				GCC_WARN_UNUSED_VARIABLE = YES;
				IPHONEOS_DEPLOYMENT_TARGET = 15.4;
				MTL_ENABLE_DEBUG_INFO = INCLUDE_SOURCE;
				MTL_FAST_MATH = YES;
				ONLY_ACTIVE_ARCH = YES;
				SDKROOT = iphoneos;
				SWIFT_ACTIVE_COMPILATION_CONDITIONS = DEBUG;
				SWIFT_OPTIMIZATION_LEVEL = "-Onone";
			};
			name = Debug;
		};
		DDF0256828454E9E00C4F49D /* Release */ = {
			isa = XCBuildConfiguration;
			buildSettings = {
				ALWAYS_SEARCH_USER_PATHS = NO;
				CLANG_ANALYZER_NONNULL = YES;
				CLANG_ANALYZER_NUMBER_OBJECT_CONVERSION = YES_AGGRESSIVE;
				CLANG_CXX_LANGUAGE_STANDARD = "gnu++17";
				CLANG_ENABLE_MODULES = YES;
				CLANG_ENABLE_OBJC_ARC = YES;
				CLANG_ENABLE_OBJC_WEAK = YES;
				CLANG_WARN_BLOCK_CAPTURE_AUTORELEASING = YES;
				CLANG_WARN_BOOL_CONVERSION = YES;
				CLANG_WARN_COMMA = YES;
				CLANG_WARN_CONSTANT_CONVERSION = YES;
				CLANG_WARN_DEPRECATED_OBJC_IMPLEMENTATIONS = YES;
				CLANG_WARN_DIRECT_OBJC_ISA_USAGE = YES_ERROR;
				CLANG_WARN_DOCUMENTATION_COMMENTS = YES;
				CLANG_WARN_EMPTY_BODY = YES;
				CLANG_WARN_ENUM_CONVERSION = YES;
				CLANG_WARN_INFINITE_RECURSION = YES;
				CLANG_WARN_INT_CONVERSION = YES;
				CLANG_WARN_NON_LITERAL_NULL_CONVERSION = YES;
				CLANG_WARN_OBJC_IMPLICIT_RETAIN_SELF = YES;
				CLANG_WARN_OBJC_LITERAL_CONVERSION = YES;
				CLANG_WARN_OBJC_ROOT_CLASS = YES_ERROR;
				CLANG_WARN_QUOTED_INCLUDE_IN_FRAMEWORK_HEADER = YES;
				CLANG_WARN_RANGE_LOOP_ANALYSIS = YES;
				CLANG_WARN_STRICT_PROTOTYPES = YES;
				CLANG_WARN_SUSPICIOUS_MOVE = YES;
				CLANG_WARN_UNGUARDED_AVAILABILITY = YES_AGGRESSIVE;
				CLANG_WARN_UNREACHABLE_CODE = YES;
				CLANG_WARN__DUPLICATE_METHOD_MATCH = YES;
				COPY_PHASE_STRIP = NO;
				DEBUG_INFORMATION_FORMAT = "dwarf-with-dsym";
				ENABLE_NS_ASSERTIONS = NO;
				ENABLE_STRICT_OBJC_MSGSEND = YES;
				GCC_C_LANGUAGE_STANDARD = gnu11;
				GCC_NO_COMMON_BLOCKS = YES;
				GCC_WARN_64_TO_32_BIT_CONVERSION = YES;
				GCC_WARN_ABOUT_RETURN_TYPE = YES_ERROR;
				GCC_WARN_UNDECLARED_SELECTOR = YES;
				GCC_WARN_UNINITIALIZED_AUTOS = YES_AGGRESSIVE;
				GCC_WARN_UNUSED_FUNCTION = YES;
				GCC_WARN_UNUSED_VARIABLE = YES;
				IPHONEOS_DEPLOYMENT_TARGET = 15.4;
				MTL_ENABLE_DEBUG_INFO = NO;
				MTL_FAST_MATH = YES;
				SDKROOT = iphoneos;
				SWIFT_COMPILATION_MODE = wholemodule;
				SWIFT_OPTIMIZATION_LEVEL = "-O";
				VALIDATE_PRODUCT = YES;
			};
			name = Release;
		};
		DDF0256A28454E9E00C4F49D /* Debug */ = {
			isa = XCBuildConfiguration;
			buildSettings = {
				ASSETCATALOG_COMPILER_APPICON_NAME = AppIcon;
				ASSETCATALOG_COMPILER_GLOBAL_ACCENT_COLOR_NAME = AccentColor;
				CODE_SIGN_STYLE = Automatic;
				CURRENT_PROJECT_VERSION = 1;
				DEVELOPMENT_TEAM = WU2A259UNF;
				GENERATE_INFOPLIST_FILE = YES;
				INFOPLIST_KEY_NSCameraUsageDescription = "";
				INFOPLIST_KEY_UIApplicationSupportsIndirectInputEvents = YES;
				INFOPLIST_KEY_UILaunchStoryboardName = LaunchScreen;
				INFOPLIST_KEY_UIMainStoryboardFile = Main;
				INFOPLIST_KEY_UIRequiredDeviceCapabilities = arkit;
				INFOPLIST_KEY_UIStatusBarHidden = YES;
				INFOPLIST_KEY_UISupportedInterfaceOrientations_iPad = "UIInterfaceOrientationPortrait UIInterfaceOrientationPortraitUpsideDown UIInterfaceOrientationLandscapeLeft UIInterfaceOrientationLandscapeRight";
				INFOPLIST_KEY_UISupportedInterfaceOrientations_iPhone = "UIInterfaceOrientationPortrait UIInterfaceOrientationLandscapeLeft UIInterfaceOrientationLandscapeRight";
				LD_RUNPATH_SEARCH_PATHS = (
					"$(inherited)",
					"@executable_path/Frameworks",
				);
				MARKETING_VERSION = 1.0;
				PRODUCT_BUNDLE_IDENTIFIER = "com.zoe.AR-MachineLearning";
				PRODUCT_NAME = "$(TARGET_NAME)";
				SWIFT_EMIT_LOC_STRINGS = YES;
				SWIFT_VERSION = 5.0;
				TARGETED_DEVICE_FAMILY = "1,2";
			};
			name = Debug;
		};
		DDF0256B28454E9E00C4F49D /* Release */ = {
			isa = XCBuildConfiguration;
			buildSettings = {
				ASSETCATALOG_COMPILER_APPICON_NAME = AppIcon;
				ASSETCATALOG_COMPILER_GLOBAL_ACCENT_COLOR_NAME = AccentColor;
				CODE_SIGN_STYLE = Automatic;
				CURRENT_PROJECT_VERSION = 1;
				DEVELOPMENT_TEAM = WU2A259UNF;
				GENERATE_INFOPLIST_FILE = YES;
				INFOPLIST_KEY_NSCameraUsageDescription = "";
				INFOPLIST_KEY_UIApplicationSupportsIndirectInputEvents = YES;
				INFOPLIST_KEY_UILaunchStoryboardName = LaunchScreen;
				INFOPLIST_KEY_UIMainStoryboardFile = Main;
				INFOPLIST_KEY_UIRequiredDeviceCapabilities = arkit;
				INFOPLIST_KEY_UIStatusBarHidden = YES;
				INFOPLIST_KEY_UISupportedInterfaceOrientations_iPad = "UIInterfaceOrientationPortrait UIInterfaceOrientationPortraitUpsideDown UIInterfaceOrientationLandscapeLeft UIInterfaceOrientationLandscapeRight";
				INFOPLIST_KEY_UISupportedInterfaceOrientations_iPhone = "UIInterfaceOrientationPortrait UIInterfaceOrientationLandscapeLeft UIInterfaceOrientationLandscapeRight";
				LD_RUNPATH_SEARCH_PATHS = (
					"$(inherited)",
					"@executable_path/Frameworks",
				);
				MARKETING_VERSION = 1.0;
				PRODUCT_BUNDLE_IDENTIFIER = "com.zoe.AR-MachineLearning";
				PRODUCT_NAME = "$(TARGET_NAME)";
				SWIFT_EMIT_LOC_STRINGS = YES;
				SWIFT_VERSION = 5.0;
				TARGETED_DEVICE_FAMILY = "1,2";
			};
			name = Release;
		};
/* End XCBuildConfiguration section */

/* Begin XCConfigurationList section */
		DDF0255128454E9D00C4F49D /* Build configuration list for PBXProject "AR-MachineLearning" */ = {
			isa = XCConfigurationList;
			buildConfigurations = (
				DDF0256728454E9E00C4F49D /* Debug */,
				DDF0256828454E9E00C4F49D /* Release */,
			);
			defaultConfigurationIsVisible = 0;
			defaultConfigurationName = Release;
		};
		DDF0256928454E9E00C4F49D /* Build configuration list for PBXNativeTarget "AR-MachineLearning" */ = {
			isa = XCConfigurationList;
			buildConfigurations = (
				DDF0256A28454E9E00C4F49D /* Debug */,
				DDF0256B28454E9E00C4F49D /* Release */,
			);
			defaultConfigurationIsVisible = 0;
			defaultConfigurationName = Release;
		};
/* End XCConfigurationList section */
	};
	rootObject = DDF0254E28454E9D00C4F49D /* Project object */;
}
